
Microsoft Visual Studio Solution File, Format Version 12.00
# Visual Studio Version 16
VisualStudioVersion = 16.0.31205.134
MinimumVisualStudioVersion = 10.0.40219.1
Project("{8BC9CEB8-8B4A-11D0-8D11-00A0C91BC942}") = "Project1", "Project1\Project1.vcxproj", "{B77BCA52-63D9-4027-A66C-8D7D9D719ECC}"
EndProject
Global
	GlobalSection(SolutionConfigurationPlatforms) = preSolution
		Debug|x64 = Debug|x64
		Debug|x86 = Debug|x86
		Release|x64 = Release|x64
		Release|x86 = Release|x86
	EndGlobalSection
	GlobalSection(ProjectConfigurationPlatforms) = postSolution
		{B77BCA52-63D9-4027-A66C-8D7D9D719ECC}.Debug|x64.ActiveCfg = Debug|x64
		{B77BCA52-63D9-4027-A66C-8D7D9D719ECC}.Debug|x64.Build.0 = Debug|x64
		{B77BCA52-63D9-4027-A66C-8D7D9D719ECC}.Debug|x86.ActiveCfg = Debug|Win32
		{B77BCA52-63D9-4027-A66C-8D7D9D719ECC}.Debug|x86.Build.0 = Debug|Win32
		{B77BCA52-63D9-4027-A66C-8D7D9D719ECC}.Release|x64.ActiveCfg = Release|x64
		{B77BCA52-63D9-4027-A66C-8D7D9D719ECC}.Release|x64.Build.0 = Release|x64
		{B77BCA52-63D9-4027-A66C-8D7D9D719ECC}.Release|x86.ActiveCfg = Release|Win32
		{B77BCA52-63D9-4027-A66C-8D7D9D719ECC}.Release|x86.Build.0 = Release|Win32
	EndGlobalSection
	GlobalSection(SolutionProperties) = preSolution
		HideSolutionNode = FALSE
	EndGlobalSection
	GlobalSection(ExtensibilityGlobals) = postSolution
		SolutionGuid = {9DC95847-5968-42B7-81E4-670CCE55C2A8}
	EndGlobalSection
EndGlobal
